
Microsoft Visual Studio Solution File, Format Version 12.00
# Visual Studio Version 17
VisualStudioVersion = 17.0.31612.314
MinimumVisualStudioVersion = 10.0.40219.1
Project("{FAE04EC0-301F-11D3-BF4B-00C04F79EFBC}") = "ShoppingCard", "ShoppingCard\ShoppingCard.csproj", "{80232229-FFAB-485C-AC20-79AE84B7CA5E}"
EndProject
Project("{FAE04EC0-301F-11D3-BF4B-00C04F79EFBC}") = "ShoppingCard.Tests", "ShoppingCard.Tests\ShoppingCard.Tests.csproj", "{A6A603A5-D2E6-4082-9E99-2CC592A9ADAD}"
EndProject
Project("{FAE04EC0-301F-11D3-BF4B-00C04F79EFBC}") = "ShoppingCard.Messages", "ShoppingCard.Messages\ShoppingCard.Messages.csproj", "{E8B2AF36-D1D7-480E-8343-F0DC42672CC5}"
EndProject
Project("{FAE04EC0-301F-11D3-BF4B-00C04F79EFBC}") = "ShoppingCard.Aggregates", "ShoppingCard.Aggregates\ShoppingCard.Aggregates.csproj", "{4679B36F-01A6-4C72-AC18-2DC5760A4EAF}"
EndProject
Project("{FAE04EC0-301F-11D3-BF4B-00C04F79EFBC}") = "ShoppingCard.Core", "ShoppingCard.Core\ShoppingCard.Core.csproj", "{BADDAADB-C16D-4196-B3D5-3610B53EF579}"
EndProject
Global
	GlobalSection(SolutionConfigurationPlatforms) = preSolution
		Debug|Any CPU = Debug|Any CPU
		Release|Any CPU = Release|Any CPU
	EndGlobalSection
	GlobalSection(ProjectConfigurationPlatforms) = postSolution
		{80232229-FFAB-485C-AC20-79AE84B7CA5E}.Debug|Any CPU.ActiveCfg = Debug|Any CPU
		{80232229-FFAB-485C-AC20-79AE84B7CA5E}.Debug|Any CPU.Build.0 = Debug|Any CPU
		{80232229-FFAB-485C-AC20-79AE84B7CA5E}.Release|Any CPU.ActiveCfg = Release|Any CPU
		{80232229-FFAB-485C-AC20-79AE84B7CA5E}.Release|Any CPU.Build.0 = Release|Any CPU
		{A6A603A5-D2E6-4082-9E99-2CC592A9ADAD}.Debug|Any CPU.ActiveCfg = Debug|Any CPU
		{A6A603A5-D2E6-4082-9E99-2CC592A9ADAD}.Debug|Any CPU.Build.0 = Debug|Any CPU
		{A6A603A5-D2E6-4082-9E99-2CC592A9ADAD}.Release|Any CPU.ActiveCfg = Release|Any CPU
		{A6A603A5-D2E6-4082-9E99-2CC592A9ADAD}.Release|Any CPU.Build.0 = Release|Any CPU
		{E8B2AF36-D1D7-480E-8343-F0DC42672CC5}.Debug|Any CPU.ActiveCfg = Debug|Any CPU
		{E8B2AF36-D1D7-480E-8343-F0DC42672CC5}.Debug|Any CPU.Build.0 = Debug|Any CPU
		{E8B2AF36-D1D7-480E-8343-F0DC42672CC5}.Release|Any CPU.ActiveCfg = Release|Any CPU
		{E8B2AF36-D1D7-480E-8343-F0DC42672CC5}.Release|Any CPU.Build.0 = Release|Any CPU
		{4679B36F-01A6-4C72-AC18-2DC5760A4EAF}.Debug|Any CPU.ActiveCfg = Debug|Any CPU
		{4679B36F-01A6-4C72-AC18-2DC5760A4EAF}.Debug|Any CPU.Build.0 = Debug|Any CPU
		{4679B36F-01A6-4C72-AC18-2DC5760A4EAF}.Release|Any CPU.ActiveCfg = Release|Any CPU
		{4679B36F-01A6-4C72-AC18-2DC5760A4EAF}.Release|Any CPU.Build.0 = Release|Any CPU
		{BADDAADB-C16D-4196-B3D5-3610B53EF579}.Debug|Any CPU.ActiveCfg = Debug|Any CPU
		{BADDAADB-C16D-4196-B3D5-3610B53EF579}.Debug|Any CPU.Build.0 = Debug|Any CPU
		{BADDAADB-C16D-4196-B3D5-3610B53EF579}.Release|Any CPU.ActiveCfg = Release|Any CPU
		{BADDAADB-C16D-4196-B3D5-3610B53EF579}.Release|Any CPU.Build.0 = Release|Any CPU
	EndGlobalSection
	GlobalSection(SolutionProperties) = preSolution
		HideSolutionNode = FALSE
	EndGlobalSection
	GlobalSection(ExtensibilityGlobals) = postSolution
		SolutionGuid = {AF343370-3A2B-4BAE-BCD7-4619088C90B9}
	EndGlobalSection
EndGlobal
